
Microsoft Visual Studio Solution File, Format Version 12.00
# Visual Studio Version 16
VisualStudioVersion = 16.0.29905.134
MinimumVisualStudioVersion = 10.0.40219.1
Project("{FAE04EC0-301F-11D3-BF4B-00C04F79EFBC}") = "RestauranteOnline", "RestauranteOnline\RestauranteOnline.csproj", "{D5785F3B-5D20-46B9-81AA-B880D9B3B776}"
EndProject
Global
	GlobalSection(SolutionConfigurationPlatforms) = preSolution
		Debug|Any CPU = Debug|Any CPU
		Release|Any CPU = Release|Any CPU
	EndGlobalSection
	GlobalSection(ProjectConfigurationPlatforms) = postSolution
		{D5785F3B-5D20-46B9-81AA-B880D9B3B776}.Debug|Any CPU.ActiveCfg = Debug|Any CPU
		{D5785F3B-5D20-46B9-81AA-B880D9B3B776}.Debug|Any CPU.Build.0 = Debug|Any CPU
		{D5785F3B-5D20-46B9-81AA-B880D9B3B776}.Release|Any CPU.ActiveCfg = Release|Any CPU
		{D5785F3B-5D20-46B9-81AA-B880D9B3B776}.Release|Any CPU.Build.0 = Release|Any CPU
	EndGlobalSection
	GlobalSection(SolutionProperties) = preSolution
		HideSolutionNode = FALSE
	EndGlobalSection
	GlobalSection(ExtensibilityGlobals) = postSolution
		SolutionGuid = {608830B5-D673-48E1-98DD-8B7BBE2E5A7E}
	EndGlobalSection
EndGlobal
